
Microsoft Visual Studio Solution File, Format Version 12.00
# Visual Studio Version 16
VisualStudioVersion = 16.0.30907.101
MinimumVisualStudioVersion = 10.0.40219.1
Project("{FAE04EC0-301F-11D3-BF4B-00C04F79EFBC}") = "TipCalculator", "TipCalculator\TipCalculator.csproj", "{D76518E4-84BB-4D5C-85B8-3D7A881A089E}"
EndProject
Project("{54435603-DBB4-11D2-8724-00A0C9A8B90C}") = "Lab8", "Lab8\Lab8.vdproj", "{013C6B95-BC80-4E5C-ABE7-A7157580BAA4}"
EndProject
Global
	GlobalSection(SolutionConfigurationPlatforms) = preSolution
		Debug|Any CPU = Debug|Any CPU
		Release|Any CPU = Release|Any CPU
	EndGlobalSection
	GlobalSection(ProjectConfigurationPlatforms) = postSolution
		{D76518E4-84BB-4D5C-85B8-3D7A881A089E}.Debug|Any CPU.ActiveCfg = Release|Any CPU
		{D76518E4-84BB-4D5C-85B8-3D7A881A089E}.Debug|Any CPU.Build.0 = Release|Any CPU
		{D76518E4-84BB-4D5C-85B8-3D7A881A089E}.Release|Any CPU.ActiveCfg = Release|Any CPU
		{D76518E4-84BB-4D5C-85B8-3D7A881A089E}.Release|Any CPU.Build.0 = Release|Any CPU
		{013C6B95-BC80-4E5C-ABE7-A7157580BAA4}.Debug|Any CPU.ActiveCfg = Release
		{013C6B95-BC80-4E5C-ABE7-A7157580BAA4}.Release|Any CPU.ActiveCfg = Release
	EndGlobalSection
	GlobalSection(SolutionProperties) = preSolution
		HideSolutionNode = FALSE
	EndGlobalSection
	GlobalSection(ExtensibilityGlobals) = postSolution
		SolutionGuid = {C621A522-47F5-40D6-8CE7-277B02641FC4}
	EndGlobalSection
EndGlobal
